{
  "name": "box2d-sdf",
  "version": "1.0.0",
  "lockfileVersion": 3,
  "requires": true,
  "packages": {
    "": {
      "name": "box2d-sdf",
      "version": "1.0.0",
      "license": "ISC",
      "dependencies": {
        "cubic2quad": "^1.2.1",
        "svg-pathdata": "^9.0.0"
      }
    },
    "node_modules/cubic2quad": {
      "version": "1.2.1",
      "resolved": "https://registry.npmjs.org/cubic2quad/-/cubic2quad-1.2.1.tgz",
      "integrity": "sha512-wT5Y7mO8abrV16gnssKdmIhIbA9wSkeMzhh27jAguKrV82i24wER0vL5TGhUJ9dbJNDcigoRZ0IAHFEEEI4THQ==",
      "license": "MIT"
    },
    "node_modules/svg-pathdata": {
      "version": "9.0.0",
      "resolved": "https://registry.npmjs.org/svg-pathdata/-/svg-pathdata-9.0.0.tgz",
      "integrity": "sha512-h9FuqmNsgDKq2hQBqTMOWjZwqdZOnWijZmcg6FL4iSmH6VvRnobhHrBQSdOiP0W9nwgv0qiW5vQ3//Arrmp19g==",
      "license": "MIT",
      "engines": {
        "node": ">=24.14.0"
      },
      "funding": {
        "type": "individual",
        "url": "https://github.com/sponsors/nfroidure"
      }
    }
  }
}
